
Microsoft Visual Studio Solution File, Format Version 12.00
# Visual Studio Version 16
VisualStudioVersion = 16.0.30011.22
MinimumVisualStudioVersion = 10.0.40219.1
Project("{FAE04EC0-301F-11D3-BF4B-00C04F79EFBC}") = "myFirstAzureWebApp", "myFirstAzureWebApp\myFirstAzureWebApp.csproj", "{96E37CA8-A525-4A29-AAC2-02B5D5566CC2}"
EndProject
Global
	GlobalSection(SolutionConfigurationPlatforms) = preSolution
		Debug|Any CPU = Debug|Any CPU
		Release|Any CPU = Release|Any CPU
	EndGlobalSection
	GlobalSection(ProjectConfigurationPlatforms) = postSolution
		{96E37CA8-A525-4A29-AAC2-02B5D5566CC2}.Debug|Any CPU.ActiveCfg = Debug|Any CPU
		{96E37CA8-A525-4A29-AAC2-02B5D5566CC2}.Debug|Any CPU.Build.0 = Debug|Any CPU
		{96E37CA8-A525-4A29-AAC2-02B5D5566CC2}.Release|Any CPU.ActiveCfg = Release|Any CPU
		{96E37CA8-A525-4A29-AAC2-02B5D5566CC2}.Release|Any CPU.Build.0 = Release|Any CPU
	EndGlobalSection
	GlobalSection(SolutionProperties) = preSolution
		HideSolutionNode = FALSE
	EndGlobalSection
	GlobalSection(ExtensibilityGlobals) = postSolution
		SolutionGuid = {EFF8CEF2-15B8-48E5-B158-631D90343E23}
	EndGlobalSection
EndGlobal
